// !$*UTF8*$!
{
	archiveVersion = 1;
	classes = {
	};
	objectVersion = 46;
	objects = {

/* Begin PBXBuildFile section */
		55BD49E41C1A886200A47908 /* AppDelegate.swift in Sources */ = {isa = PBXBuildFile; fileRef = 55BD49E31C1A886200A47908 /* AppDelegate.swift */; };
		55BD49E61C1A886200A47908 /* TipViewController.swift in Sources */ = {isa = PBXBuildFile; fileRef = 55BD49E51C1A886200A47908 /* TipViewController.swift */; };
		55BD49E91C1A886200A47908 /* Main.storyboard in Resources */ = {isa = PBXBuildFile; fileRef = 55BD49E71C1A886200A47908 /* Main.storyboard */; };
		55BD49EB1C1A886300A47908 /* Assets.xcassets in Resources */ = {isa = PBXBuildFile; fileRef = 55BD49EA1C1A886300A47908 /* Assets.xcassets */; };
		55BD49EE1C1A886300A47908 /* LaunchScreen.storyboard in Resources */ = {isa = PBXBuildFile; fileRef = 55BD49EC1C1A886300A47908 /* LaunchScreen.storyboard */; };
		55BD49F91C1A886300A47908 /* tipsTests.swift in Sources */ = {isa = PBXBuildFile; fileRef = 55BD49F81C1A886300A47908 /* tipsTests.swift */; };
		55BD4A041C1A886400A47908 /* tipsUITests.swift in Sources */ = {isa = PBXBuildFile; fileRef = 55BD4A031C1A886400A47908 /* tipsUITests.swift */; };
		55BD4A121C1A986900A47908 /* SettingsViewController.swift in Sources */ = {isa = PBXBuildFile; fileRef = 55BD4A111C1A986900A47908 /* SettingsViewController.swift */; };
		55E3F3031C2A1265007F381A /* SplitView.swift in Sources */ = {isa = PBXBuildFile; fileRef = 55E3F3021C2A1265007F381A /* SplitView.swift */; };
		55E3F3061C2A1677007F381A /* SplitView.xib in Resources */ = {isa = PBXBuildFile; fileRef = 55E3F3041C2A139A007F381A /* SplitView.xib */; };
/* End PBXBuildFile section */

/* Begin PBXContainerItemProxy section */
		55BD49F51C1A886300A47908 /* PBXContainerItemProxy */ = {
			isa = PBXContainerItemProxy;
			containerPortal = 55BD49D81C1A886200A47908 /* Project object */;
			proxyType = 1;
			remoteGlobalIDString = 55BD49DF1C1A886200A47908;
			remoteInfo = tips;
		};
		55BD4A001C1A886300A47908 /* PBXContainerItemProxy */ = {
			isa = PBXContainerItemProxy;
			containerPortal = 55BD49D81C1A886200A47908 /* Project object */;
			proxyType = 1;
			remoteGlobalIDString = 55BD49DF1C1A886200A47908;
			remoteInfo = tips;
		};
/* End PBXContainerItemProxy section */

/* Begin PBXFileReference section */
		55BD49E01C1A886200A47908 /* tips.app */ = {isa = PBXFileReference; explicitFileType = wrapper.application; includeInIndex = 0; path = tips.app; sourceTree = BUILT_PRODUCTS_DIR; };
		55BD49E31C1A886200A47908 /* AppDelegate.swift */ = {isa = PBXFileReference; lastKnownFileType = sourcecode.swift; path = AppDelegate.swift; sourceTree = "<group>"; };
		55BD49E51C1A886200A47908 /* TipViewController.swift */ = {isa = PBXFileReference; lastKnownFileType = sourcecode.swift; path = TipViewController.swift; sourceTree = "<group>"; };
		55BD49E81C1A886200A47908 /* Base */ = {isa = PBXFileReference; lastKnownFileType = file.storyboard; name = Base; path = Base.lproj/Main.storyboard; sourceTree = "<group>"; };
		55BD49EA1C1A886300A47908 /* Assets.xcassets */ = {isa = PBXFileReference; lastKnownFileType = folder.assetcatalog; path = Assets.xcassets; sourceTree = "<group>"; };
		55BD49ED1C1A886300A47908 /* Base */ = {isa = PBXFileReference; lastKnownFileType = file.storyboard; name = Base; path = Base.lproj/LaunchScreen.storyboard; sourceTree = "<group>"; };
		55BD49EF1C1A886300A47908 /* Info.plist */ = {isa = PBXFileReference; lastKnownFileType = text.plist.xml; path = Info.plist; sourceTree = "<group>"; };
		55BD49F41C1A886300A47908 /* tipsTests.xctest */ = {isa = PBXFileReference; explicitFileType = wrapper.cfbundle; includeInIndex = 0; path = tipsTests.xctest; sourceTree = BUILT_PRODUCTS_DIR; };
		55BD49F81C1A886300A47908 /* tipsTests.swift */ = {isa = PBXFileReference; lastKnownFileType = sourcecode.swift; path = tipsTests.swift; sourceTree = "<group>"; };
		55BD49FA1C1A886300A47908 /* Info.plist */ = {isa = PBXFileReference; lastKnownFileType = text.plist.xml; path = Info.plist; sourceTree = "<group>"; };
		55BD49FF1C1A886300A47908 /* tipsUITests.xctest */ = {isa = PBXFileReference; explicitFileType = wrapper.cfbundle; includeInIndex = 0; path = tipsUITests.xctest; sourceTree = BUILT_PRODUCTS_DIR; };
		55BD4A031C1A886400A47908 /* tipsUITests.swift */ = {isa = PBXFileReference; lastKnownFileType = sourcecode.swift; path = tipsUITests.swift; sourceTree = "<group>"; };
		55BD4A051C1A886400A47908 /* Info.plist */ = {isa = PBXFileReference; lastKnownFileType = text.plist.xml; path = Info.plist; sourceTree = "<group>"; };
		55BD4A111C1A986900A47908 /* SettingsViewController.swift */ = {isa = PBXFileReference; fileEncoding = 4; lastKnownFileType = sourcecode.swift; path = SettingsViewController.swift; sourceTree = "<group>"; };
		55E3F3021C2A1265007F381A /* SplitView.swift */ = {isa = PBXFileReference; fileEncoding = 4; lastKnownFileType = sourcecode.swift; path = SplitView.swift; sourceTree = "<group>"; };
		55E3F3041C2A139A007F381A /* SplitView.xib */ = {isa = PBXFileReference; fileEncoding = 4; lastKnownFileType = file.xib; path = SplitView.xib; sourceTree = "<group>"; };
/* End PBXFileReference section */

/* Begin PBXFrameworksBuildPhase section */
		55BD49DD1C1A886200A47908 /* Frameworks */ = {
			isa = PBXFrameworksBuildPhase;
			buildActionMask = 2147483647;
			files = (
			);
			runOnlyForDeploymentPostprocessing = 0;
		};
		55BD49F11C1A886300A47908 /* Frameworks */ = {
			isa = PBXFrameworksBuildPhase;
			buildActionMask = 2147483647;
			files = (
			);
			runOnlyForDeploymentPostprocessing = 0;
		};
		55BD49FC1C1A886300A47908 /* Frameworks */ = {
			isa = PBXFrameworksBuildPhase;
			buildActionMask = 2147483647;
			files = (
			);
			runOnlyForDeploymentPostprocessing = 0;
		};
/* End PBXFrameworksBuildPhase section */

/* Begin PBXGroup section */
		55BD49D71C1A886100A47908 = {
			isa = PBXGroup;
			children = (
				55BD49E21C1A886200A47908 /* tips */,
				55BD49F71C1A886300A47908 /* tipsTests */,
				55BD4A021C1A886300A47908 /* tipsUITests */,
				55BD49E11C1A886200A47908 /* Products */,
			);
			sourceTree = "<group>";
		};
		55BD49E11C1A886200A47908 /* Products */ = {
			isa = PBXGroup;
			children = (
				55BD49E01C1A886200A47908 /* tips.app */,
				55BD49F41C1A886300A47908 /* tipsTests.xctest */,
				55BD49FF1C1A886300A47908 /* tipsUITests.xctest */,
			);
			name = Products;
			sourceTree = "<group>";
		};
		55BD49E21C1A886200A47908 /* tips */ = {
			isa = PBXGroup;
			children = (
				55BD49E31C1A886200A47908 /* AppDelegate.swift */,
				55BD49E51C1A886200A47908 /* TipViewController.swift */,
				55BD49E71C1A886200A47908 /* Main.storyboard */,
				55E3F3021C2A1265007F381A /* SplitView.swift */,
				55BD4A111C1A986900A47908 /* SettingsViewController.swift */,
				55E3F3041C2A139A007F381A /* SplitView.xib */,
				55BD49EA1C1A886300A47908 /* Assets.xcassets */,
				55BD49EC1C1A886300A47908 /* LaunchScreen.storyboard */,
				55BD49EF1C1A886300A47908 /* Info.plist */,
			);
			path = tips;
			sourceTree = "<group>";
		};
		55BD49F71C1A886300A47908 /* tipsTests */ = {
			isa = PBXGroup;
			children = (
				55BD49F81C1A886300A47908 /* tipsTests.swift */,
				55BD49FA1C1A886300A47908 /* Info.plist */,
			);
			path = tipsTests;
			sourceTree = "<group>";
		};
		55BD4A021C1A886300A47908 /* tipsUITests */ = {
			isa = PBXGroup;
			children = (
				55BD4A031C1A886400A47908 /* tipsUITests.swift */,
				55BD4A051C1A886400A47908 /* Info.plist */,
			);
			path = tipsUITests;
			sourceTree = "<group>";
		};
/* End PBXGroup section */

/* Begin PBXNativeTarget section */
		55BD49DF1C1A886200A47908 /* tips */ = {
			isa = PBXNativeTarget;
			buildConfigurationList = 55BD4A081C1A886400A47908 /* Build configuration list for PBXNativeTarget "tips" */;
			buildPhases = (
				55BD49DC1C1A886200A47908 /* Sources */,
				55BD49DD1C1A886200A47908 /* Frameworks */,
				55BD49DE1C1A886200A47908 /* Resources */,
			);
			buildRules = (
			);
			dependencies = (
			);
			name = tips;
			productName = tips;
			productReference = 55BD49E01C1A886200A47908 /* tips.app */;
			productType = "com.apple.product-type.application";
		};
		55BD49F31C1A886300A47908 /* tipsTests */ = {
			isa = PBXNativeTarget;
			buildConfigurationList = 55BD4A0B1C1A886400A47908 /* Build configuration list for PBXNativeTarget "tipsTests" */;
			buildPhases = (
				55BD49F01C1A886300A47908 /* Sources */,
				55BD49F11C1A886300A47908 /* Frameworks */,
				55BD49F21C1A886300A47908 /* Resources */,
			);
			buildRules = (
			);
			dependencies = (
				55BD49F61C1A886300A47908 /* PBXTargetDependency */,
			);
			name = tipsTests;
			productName = tipsTests;
			productReference = 55BD49F41C1A886300A47908 /* tipsTests.xctest */;
			productType = "com.apple.product-type.bundle.unit-test";
		};
		55BD49FE1C1A886300A47908 /* tipsUITests */ = {
			isa = PBXNativeTarget;
			buildConfigurationList = 55BD4A0E1C1A886400A47908 /* Build configuration list for PBXNativeTarget "tipsUITests" */;
			buildPhases = (
				55BD49FB1C1A886300A47908 /* Sources */,
				55BD49FC1C1A886300A47908 /* Frameworks */,
				55BD49FD1C1A886300A47908 /* Resources */,
			);
			buildRules = (
			);
			dependencies = (
				55BD4A011C1A886300A47908 /* PBXTargetDependency */,
			);
			name = tipsUITests;
			productName = tipsUITests;
			productReference = 55BD49FF1C1A886300A47908 /* tipsUITests.xctest */;
			productType = "com.apple.product-type.bundle.ui-testing";
		};
/* End PBXNativeTarget section */

/* Begin PBXProject section */
		55BD49D81C1A886200A47908 /* Project object */ = {
			isa = PBXProject;
			attributes = {
				LastSwiftUpdateCheck = 0710;
				LastUpgradeCheck = 0710;
				ORGANIZATIONNAME = GMStudios;
				TargetAttributes = {
					55BD49DF1C1A886200A47908 = {
						CreatedOnToolsVersion = 7.1.1;
					};
					55BD49F31C1A886300A47908 = {
						CreatedOnToolsVersion = 7.1.1;
						TestTargetID = 55BD49DF1C1A886200A47908;
					};
					55BD49FE1C1A886300A47908 = {
						CreatedOnToolsVersion = 7.1.1;
						TestTargetID = 55BD49DF1C1A886200A47908;
					};
				};
			};
			buildConfigurationList = 55BD49DB1C1A886200A47908 /* Build configuration list for PBXProject "tips" */;
			compatibilityVersion = "Xcode 3.2";
			developmentRegion = English;
			hasScannedForEncodings = 0;
			knownRegions = (
				en,
				Base,
			);
			mainGroup = 55BD49D71C1A886100A47908;
			productRefGroup = 55BD49E11C1A886200A47908 /* Products */;
			projectDirPath = "";
			projectRoot = "";
			targets = (
				55BD49DF1C1A886200A47908 /* tips */,
				55BD49F31C1A886300A47908 /* tipsTests */,
				55BD49FE1C1A886300A47908 /* tipsUITests */,
			);
		};
/* End PBXProject section */

/* Begin PBXResourcesBuildPhase section */
		55BD49DE1C1A886200A47908 /* Resources */ = {
			isa = PBXResourcesBuildPhase;
			buildActionMask = 2147483647;
			files = (
				55BD49EE1C1A886300A47908 /* LaunchScreen.storyboard in Resources */,
				55E3F3061C2A1677007F381A /* SplitView.xib in Resources */,
				55BD49EB1C1A886300A47908 /* Assets.xcassets in Resources */,
				55BD49E91C1A886200A47908 /* Main.storyboard in Resources */,
			);
			runOnlyForDeploymentPostprocessing = 0;
		};
		55BD49F21C1A886300A47908 /* Resources */ = {
			isa = PBXResourcesBuildPhase;
			buildActionMask = 2147483647;
			files = (
			);
			runOnlyForDeploymentPostprocessing = 0;
		};
		55BD49FD1C1A886300A47908 /* Resources */ = {
			isa = PBXResourcesBuildPhase;
			buildActionMask = 2147483647;
			files = (
			);
			runOnlyForDeploymentPostprocessing = 0;
		};
/* End PBXResourcesBuildPhase section */

/* Begin PBXSourcesBuildPhase section */
		55BD49DC1C1A886200A47908 /* Sources */ = {
			isa = PBXSourcesBuildPhase;
			buildActionMask = 2147483647;
			files = (
				55BD49E61C1A886200A47908 /* TipViewController.swift in Sources */,
				55E3F3031C2A1265007F381A /* SplitView.swift in Sources */,
				55BD49E41C1A886200A47908 /* AppDelegate.swift in Sources */,
				55BD4A121C1A986900A47908 /* SettingsViewController.swift in Sources */,
			);
			runOnlyForDeploymentPostprocessing = 0;
		};
		55BD49F01C1A886300A47908 /* Sources */ = {
			isa = PBXSourcesBuildPhase;
			buildActionMask = 2147483647;
			files = (
				55BD49F91C1A886300A47908 /* tipsTests.swift in Sources */,
			);
			runOnlyForDeploymentPostprocessing = 0;
		};
		55BD49FB1C1A886300A47908 /* Sources */ = {
			isa = PBXSourcesBuildPhase;
			buildActionMask = 2147483647;
			files = (
				55BD4A041C1A886400A47908 /* tipsUITests.swift in Sources */,
			);
			runOnlyForDeploymentPostprocessing = 0;
		};
/* End PBXSourcesBuildPhase section */

/* Begin PBXTargetDependency section */
		55BD49F61C1A886300A47908 /* PBXTargetDependency */ = {
			isa = PBXTargetDependency;
			target = 55BD49DF1C1A886200A47908 /* tips */;
			targetProxy = 55BD49F51C1A886300A47908 /* PBXContainerItemProxy */;
		};
		55BD4A011C1A886300A47908 /* PBXTargetDependency */ = {
			isa = PBXTargetDependency;
			target = 55BD49DF1C1A886200A47908 /* tips */;
			targetProxy = 55BD4A001C1A886300A47908 /* PBXContainerItemProxy */;
		};
/* End PBXTargetDependency section */

/* Begin PBXVariantGroup section */
		55BD49E71C1A886200A47908 /* Main.storyboard */ = {
			isa = PBXVariantGroup;
			children = (
				55BD49E81C1A886200A47908 /* Base */,
			);
			name = Main.storyboard;
			sourceTree = "<group>";
		};
		55BD49EC1C1A886300A47908 /* LaunchScreen.storyboard */ = {
			isa = PBXVariantGroup;
			children = (
				55BD49ED1C1A886300A47908 /* Base */,
			);
			name = LaunchScreen.storyboard;
			sourceTree = "<group>";
		};
/* End PBXVariantGroup section */

/* Begin XCBuildConfiguration section */
		55BD4A061C1A886400A47908 /* Debug */ = {
			isa = XCBuildConfiguration;
			buildSettings = {
				ALWAYS_SEARCH_USER_PATHS = NO;
				CLANG_CXX_LANGUAGE_STANDARD = "gnu++0x";
				CLANG_CXX_LIBRARY = "libc++";
				CLANG_ENABLE_MODULES = YES;
				CLANG_ENABLE_OBJC_ARC = YES;
				CLANG_WARN_BOOL_CONVERSION = YES;
				CLANG_WARN_CONSTANT_CONVERSION = YES;
				CLANG_WARN_DIRECT_OBJC_ISA_USAGE = YES_ERROR;
				CLANG_WARN_EMPTY_BODY = YES;
				CLANG_WARN_ENUM_CONVERSION = YES;
				CLANG_WARN_INT_CONVERSION = YES;
				CLANG_WARN_OBJC_ROOT_CLASS = YES_ERROR;
				CLANG_WARN_UNREACHABLE_CODE = YES;
				CLANG_WARN__DUPLICATE_METHOD_MATCH = YES;
				"CODE_SIGN_IDENTITY[sdk=iphoneos*]" = "iPhone Developer";
				COPY_PHASE_STRIP = NO;
				DEBUG_INFORMATION_FORMAT = dwarf;
				ENABLE_STRICT_OBJC_MSGSEND = YES;
				ENABLE_TESTABILITY = YES;
				GCC_C_LANGUAGE_STANDARD = gnu99;
				GCC_DYNAMIC_NO_PIC = NO;
				GCC_NO_COMMON_BLOCKS = YES;
				GCC_OPTIMIZATION_LEVEL = 0;
				GCC_PREPROCESSOR_DEFINITIONS = (
					"DEBUG=1",
					"$(inherited)",
				);
				GCC_WARN_64_TO_32_BIT_CONVERSION = YES;
				GCC_WARN_ABOUT_RETURN_TYPE = YES_ERROR;
				GCC_WARN_UNDECLARED_SELECTOR = YES;
				GCC_WARN_UNINITIALIZED_AUTOS = YES_AGGRESSIVE;
				GCC_WARN_UNUSED_FUNCTION = YES;
				GCC_WARN_UNUSED_VARIABLE = YES;
				IPHONEOS_DEPLOYMENT_TARGET = 9.1;
				MTL_ENABLE_DEBUG_INFO = YES;
				ONLY_ACTIVE_ARCH = YES;
				SDKROOT = iphoneos;
				SWIFT_OPTIMIZATION_LEVEL = "-Onone";
			};
			name = Debug;
		};
		55BD4A071C1A886400A47908 /* Release */ = {
			isa = XCBuildConfiguration;
			buildSettings = {
				ALWAYS_SEARCH_USER_PATHS = NO;
				CLANG_CXX_LANGUAGE_STANDARD = "gnu++0x";
				CLANG_CXX_LIBRARY = "libc++";
				CLANG_ENABLE_MODULES = YES;
				CLANG_ENABLE_OBJC_ARC = YES;
				CLANG_WARN_BOOL_CONVERSION = YES;
				CLANG_WARN_CONSTANT_CONVERSION = YES;
				CLANG_WARN_DIRECT_OBJC_ISA_USAGE = YES_ERROR;
				CLANG_WARN_EMPTY_BODY = YES;
				CLANG_WARN_ENUM_CONVERSION = YES;
				CLANG_WARN_INT_CONVERSION = YES;
				CLANG_WARN_OBJC_ROOT_CLASS = YES_ERROR;
				CLANG_WARN_UNREACHABLE_CODE = YES;
				CLANG_WARN__DUPLICATE_METHOD_MATCH = YES;
				"CODE_SIGN_IDENTITY[sdk=iphoneos*]" = "iPhone Developer";
				COPY_PHASE_STRIP = NO;
				DEBUG_INFORMATION_FORMAT = "dwarf-with-dsym";
				ENABLE_NS_ASSERTIONS = NO;
				ENABLE_STRICT_OBJC_MSGSEND = YES;
				GCC_C_LANGUAGE_STANDARD = gnu99;
				GCC_NO_COMMON_BLOCKS = YES;
				GCC_WARN_64_TO_32_BIT_CONVERSION = YES;
				GCC_WARN_ABOUT_RETURN_TYPE = YES_ERROR;
				GCC_WARN_UNDECLARED_SELECTOR = YES;
				GCC_WARN_UNINITIALIZED_AUTOS = YES_AGGRESSIVE;
				GCC_WARN_UNUSED_FUNCTION = YES;
				GCC_WARN_UNUSED_VARIABLE = YES;
				IPHONEOS_DEPLOYMENT_TARGET = 9.1;
				MTL_ENABLE_DEBUG_INFO = NO;
				SDKROOT = iphoneos;
				VALIDATE_PRODUCT = YES;
			};
			name = Release;
		};
		55BD4A091C1A886400A47908 /* Debug */ = {
			isa = XCBuildConfiguration;
			buildSettings = {
				ASSETCATALOG_COMPILER_APPICON_NAME = AppIcon;
				INFOPLIST_FILE = tips/Info.plist;
				LD_RUNPATH_SEARCH_PATHS = "$(inherited) @executable_path/Frameworks";
				PRODUCT_BUNDLE_IDENTIFIER = OGM.tips;
				PRODUCT_NAME = "$(TARGET_NAME)";
			};
			name = Debug;
		};
		55BD4A0A1C1A886400A47908 /* Release */ = {
			isa = XCBuildConfiguration;
			buildSettings = {
				ASSETCATALOG_COMPILER_APPICON_NAME = AppIcon;
				INFOPLIST_FILE = tips/Info.plist;
				LD_RUNPATH_SEARCH_PATHS = "$(inherited) @executable_path/Frameworks";
				PRODUCT_BUNDLE_IDENTIFIER = OGM.tips;
				PRODUCT_NAME = "$(TARGET_NAME)";
			};
			name = Release;
		};
		55BD4A0C1C1A886400A47908 /* Debug */ = {
			isa = XCBuildConfiguration;
			buildSettings = {
				BUNDLE_LOADER = "$(TEST_HOST)";
				INFOPLIST_FILE = tipsTests/Info.plist;
				LD_RUNPATH_SEARCH_PATHS = "$(inherited) @executable_path/Frameworks @loader_path/Frameworks";
				PRODUCT_BUNDLE_IDENTIFIER = OGM.tipsTests;
				PRODUCT_NAME = "$(TARGET_NAME)";
				TEST_HOST = "$(BUILT_PRODUCTS_DIR)/tips.app/tips";
			};
			name = Debug;
		};
		55BD4A0D1C1A886400A47908 /* Release */ = {
			isa = XCBuildConfiguration;
			buildSettings = {
				BUNDLE_LOADER = "$(TEST_HOST)";
				INFOPLIST_FILE = tipsTests/Info.plist;
				LD_RUNPATH_SEARCH_PATHS = "$(inherited) @executable_path/Frameworks @loader_path/Frameworks";
				PRODUCT_BUNDLE_IDENTIFIER = OGM.tipsTests;
				PRODUCT_NAME = "$(TARGET_NAME)";
				TEST_HOST = "$(BUILT_PRODUCTS_DIR)/tips.app/tips";
			};
			name = Release;
		};
		55BD4A0F1C1A886400A47908 /* Debug */ = {
			isa = XCBuildConfiguration;
			buildSettings = {
				INFOPLIST_FILE = tipsUITests/Info.plist;
				LD_RUNPATH_SEARCH_PATHS = "$(inherited) @executable_path/Frameworks @loader_path/Frameworks";
				PRODUCT_BUNDLE_IDENTIFIER = OGM.tipsUITests;
				PRODUCT_NAME = "$(TARGET_NAME)";
				TEST_TARGET_NAME = tips;
				USES_XCTRUNNER = YES;
			};
			name = Debug;
		};
		55BD4A101C1A886400A47908 /* Release */ = {
			isa = XCBuildConfiguration;
			buildSettings = {
				INFOPLIST_FILE = tipsUITests/Info.plist;
				LD_RUNPATH_SEARCH_PATHS = "$(inherited) @executable_path/Frameworks @loader_path/Frameworks";
				PRODUCT_BUNDLE_IDENTIFIER = OGM.tipsUITests;
				PRODUCT_NAME = "$(TARGET_NAME)";
				TEST_TARGET_NAME = tips;
				USES_XCTRUNNER = YES;
			};
			name = Release;
		};
/* End XCBuildConfiguration section */

/* Begin XCConfigurationList section */
		55BD49DB1C1A886200A47908 /* Build configuration list for PBXProject "tips" */ = {
			isa = XCConfigurationList;
			buildConfigurations = (
				55BD4A061C1A886400A47908 /* Debug */,
				55BD4A071C1A886400A47908 /* Release */,
			);
			defaultConfigurationIsVisible = 0;
			defaultConfigurationName = Release;
		};
		55BD4A081C1A886400A47908 /* Build configuration list for PBXNativeTarget "tips" */ = {
			isa = XCConfigurationList;
			buildConfigurations = (
				55BD4A091C1A886400A47908 /* Debug */,
				55BD4A0A1C1A886400A47908 /* Release */,
			);
			defaultConfigurationIsVisible = 0;
			defaultConfigurationName = Release;
		};
		55BD4A0B1C1A886400A47908 /* Build configuration list for PBXNativeTarget "tipsTests" */ = {
			isa = XCConfigurationList;
			buildConfigurations = (
				55BD4A0C1C1A886400A47908 /* Debug */,
				55BD4A0D1C1A886400A47908 /* Release */,
			);
			defaultConfigurationIsVisible = 0;
			defaultConfigurationName = Release;
		};
		55BD4A0E1C1A886400A47908 /* Build configuration list for PBXNativeTarget "tipsUITests" */ = {
			isa = XCConfigurationList;
			buildConfigurations = (
				55BD4A0F1C1A886400A47908 /* Debug */,
				55BD4A101C1A886400A47908 /* Release */,
			);
			defaultConfigurationIsVisible = 0;
			defaultConfigurationName = Release;
		};
/* End XCConfigurationList section */
	};
	rootObject = 55BD49D81C1A886200A47908 /* Project object */;
}
